
Microsoft Visual Studio Solution File, Format Version 12.00
# Visual Studio Version 17
VisualStudioVersion = 17.10.35027.167
MinimumVisualStudioVersion = 10.0.40219.1
Project("{FAE04EC0-301F-11D3-BF4B-00C04F79EFBC}") = "Sol_WebAPI_Swagger_APIVersioning", "Sol_WebAPI_Swagger_APIVersioning\Sol_WebAPI_Swagger_APIVersioning.csproj", "{191270A1-5DC9-4D18-8C65-08566DE95BA3}"
EndProject
Global
	GlobalSection(SolutionConfigurationPlatforms) = preSolution
		Debug|Any CPU = Debug|Any CPU
		Release|Any CPU = Release|Any CPU
	EndGlobalSection
	GlobalSection(ProjectConfigurationPlatforms) = postSolution
		{191270A1-5DC9-4D18-8C65-08566DE95BA3}.Debug|Any CPU.ActiveCfg = Debug|Any CPU
		{191270A1-5DC9-4D18-8C65-08566DE95BA3}.Debug|Any CPU.Build.0 = Debug|Any CPU
		{191270A1-5DC9-4D18-8C65-08566DE95BA3}.Release|Any CPU.ActiveCfg = Release|Any CPU
		{191270A1-5DC9-4D18-8C65-08566DE95BA3}.Release|Any CPU.Build.0 = Release|Any CPU
	EndGlobalSection
	GlobalSection(SolutionProperties) = preSolution
		HideSolutionNode = FALSE
	EndGlobalSection
	GlobalSection(ExtensibilityGlobals) = postSolution
		SolutionGuid = {1A102C64-11E7-4D63-99D0-B828A735B2EF}
	EndGlobalSection
EndGlobal
